
Microsoft Visual Studio Solution File, Format Version 12.00
# Visual Studio Version 16
VisualStudioVersion = 16.0.29519.87
MinimumVisualStudioVersion = 10.0.40219.1
Project("{FAE04EC0-301F-11D3-BF4B-00C04F79EFBC}") = "File_I_O", "File_I_O\File_I_O.csproj", "{EAB60407-06A5-4A4B-9235-ABC06061F8D8}"
EndProject
Global
	GlobalSection(SolutionConfigurationPlatforms) = preSolution
		Debug|Any CPU = Debug|Any CPU
		Release|Any CPU = Release|Any CPU
	EndGlobalSection
	GlobalSection(ProjectConfigurationPlatforms) = postSolution
		{EAB60407-06A5-4A4B-9235-ABC06061F8D8}.Debug|Any CPU.ActiveCfg = Debug|Any CPU
		{EAB60407-06A5-4A4B-9235-ABC06061F8D8}.Debug|Any CPU.Build.0 = Debug|Any CPU
		{EAB60407-06A5-4A4B-9235-ABC06061F8D8}.Release|Any CPU.ActiveCfg = Release|Any CPU
		{EAB60407-06A5-4A4B-9235-ABC06061F8D8}.Release|Any CPU.Build.0 = Release|Any CPU
	EndGlobalSection
	GlobalSection(SolutionProperties) = preSolution
		HideSolutionNode = FALSE
	EndGlobalSection
	GlobalSection(ExtensibilityGlobals) = postSolution
		SolutionGuid = {8E647DF4-2E02-462D-B15A-4F86976DAA06}
	EndGlobalSection
EndGlobal
