
Microsoft Visual Studio Solution File, Format Version 12.00
# Visual Studio Version 16
VisualStudioVersion = 16.0.29519.87
MinimumVisualStudioVersion = 10.0.40219.1
Project("{FAE04EC0-301F-11D3-BF4B-00C04F79EFBC}") = "TwentyOne", "TwentyOne\TwentyOne.csproj", "{3140BB70-B62A-44B7-86A4-308225DE4949}"
EndProject
Project("{FAE04EC0-301F-11D3-BF4B-00C04F79EFBC}") = "Casino", "Casino\Casino.csproj", "{0A43283B-08DD-48B8-A395-3121011B5030}"
EndProject
Global
	GlobalSection(SolutionConfigurationPlatforms) = preSolution
		Debug|Any CPU = Debug|Any CPU
		Release|Any CPU = Release|Any CPU
	EndGlobalSection
	GlobalSection(ProjectConfigurationPlatforms) = postSolution
		{3140BB70-B62A-44B7-86A4-308225DE4949}.Debug|Any CPU.ActiveCfg = Debug|Any CPU
		{3140BB70-B62A-44B7-86A4-308225DE4949}.Debug|Any CPU.Build.0 = Debug|Any CPU
		{3140BB70-B62A-44B7-86A4-308225DE4949}.Release|Any CPU.ActiveCfg = Release|Any CPU
		{3140BB70-B62A-44B7-86A4-308225DE4949}.Release|Any CPU.Build.0 = Release|Any CPU
		{0A43283B-08DD-48B8-A395-3121011B5030}.Debug|Any CPU.ActiveCfg = Debug|Any CPU
		{0A43283B-08DD-48B8-A395-3121011B5030}.Debug|Any CPU.Build.0 = Debug|Any CPU
		{0A43283B-08DD-48B8-A395-3121011B5030}.Release|Any CPU.ActiveCfg = Release|Any CPU
		{0A43283B-08DD-48B8-A395-3121011B5030}.Release|Any CPU.Build.0 = Release|Any CPU
	EndGlobalSection
	GlobalSection(SolutionProperties) = preSolution
		HideSolutionNode = FALSE
	EndGlobalSection
	GlobalSection(ExtensibilityGlobals) = postSolution
		SolutionGuid = {85FA1377-4F5A-4E3E-A67B-8FF81CE9FC03}
	EndGlobalSection
EndGlobal
