
Microsoft Visual Studio Solution File, Format Version 12.00
# Visual Studio Version 16
VisualStudioVersion = 16.0.29519.87
MinimumVisualStudioVersion = 10.0.40219.1
Project("{FAE04EC0-301F-11D3-BF4B-00C04F79EFBC}") = "Exception_Handling", "Exception_Handling\Exception_Handling.csproj", "{89019F25-0693-485D-A53A-BD0A455F197A}"
EndProject
Global
	GlobalSection(SolutionConfigurationPlatforms) = preSolution
		Debug|Any CPU = Debug|Any CPU
		Release|Any CPU = Release|Any CPU
	EndGlobalSection
	GlobalSection(ProjectConfigurationPlatforms) = postSolution
		{89019F25-0693-485D-A53A-BD0A455F197A}.Debug|Any CPU.ActiveCfg = Debug|Any CPU
		{89019F25-0693-485D-A53A-BD0A455F197A}.Debug|Any CPU.Build.0 = Debug|Any CPU
		{89019F25-0693-485D-A53A-BD0A455F197A}.Release|Any CPU.ActiveCfg = Release|Any CPU
		{89019F25-0693-485D-A53A-BD0A455F197A}.Release|Any CPU.Build.0 = Release|Any CPU
	EndGlobalSection
	GlobalSection(SolutionProperties) = preSolution
		HideSolutionNode = FALSE
	EndGlobalSection
	GlobalSection(ExtensibilityGlobals) = postSolution
		SolutionGuid = {ED5B2D12-48AD-4893-8984-C379B90E6186}
	EndGlobalSection
EndGlobal
