
Microsoft Visual Studio Solution File, Format Version 12.00
# Visual Studio Version 16
VisualStudioVersion = 16.0.29519.87
MinimumVisualStudioVersion = 10.0.40219.1
Project("{FAE04EC0-301F-11D3-BF4B-00C04F79EFBC}") = "variables", "variables\variables.csproj", "{E605ED84-E4BB-4256-8380-DAE50BD4524A}"
EndProject
Global
	GlobalSection(SolutionConfigurationPlatforms) = preSolution
		Debug|Any CPU = Debug|Any CPU
		Release|Any CPU = Release|Any CPU
	EndGlobalSection
	GlobalSection(ProjectConfigurationPlatforms) = postSolution
		{E605ED84-E4BB-4256-8380-DAE50BD4524A}.Debug|Any CPU.ActiveCfg = Debug|Any CPU
		{E605ED84-E4BB-4256-8380-DAE50BD4524A}.Debug|Any CPU.Build.0 = Debug|Any CPU
		{E605ED84-E4BB-4256-8380-DAE50BD4524A}.Release|Any CPU.ActiveCfg = Release|Any CPU
		{E605ED84-E4BB-4256-8380-DAE50BD4524A}.Release|Any CPU.Build.0 = Release|Any CPU
	EndGlobalSection
	GlobalSection(SolutionProperties) = preSolution
		HideSolutionNode = FALSE
	EndGlobalSection
	GlobalSection(ExtensibilityGlobals) = postSolution
		SolutionGuid = {82A14048-1896-48A5-B6CF-917D5A1CBB27}
	EndGlobalSection
EndGlobal
